
Microsoft Visual Studio Solution File, Format Version 12.00
# Visual Studio Version 17
VisualStudioVersion = 17.6.33801.468
MinimumVisualStudioVersion = 10.0.40219.1
Project("{FAE04EC0-301F-11D3-BF4B-00C04F79EFBC}") = "LabCorpAutomation", "LabCorpAutomation\LabCorpAutomation.csproj", "{71D3DB08-B89A-4B75-8AFC-23E90DC15346}"
EndProject
Global
	GlobalSection(SolutionConfigurationPlatforms) = preSolution
		Debug|Any CPU = Debug|Any CPU
		Release|Any CPU = Release|Any CPU
	EndGlobalSection
	GlobalSection(ProjectConfigurationPlatforms) = postSolution
		{71D3DB08-B89A-4B75-8AFC-23E90DC15346}.Debug|Any CPU.ActiveCfg = Debug|Any CPU
		{71D3DB08-B89A-4B75-8AFC-23E90DC15346}.Debug|Any CPU.Build.0 = Debug|Any CPU
		{71D3DB08-B89A-4B75-8AFC-23E90DC15346}.Release|Any CPU.ActiveCfg = Release|Any CPU
		{71D3DB08-B89A-4B75-8AFC-23E90DC15346}.Release|Any CPU.Build.0 = Release|Any CPU
	EndGlobalSection
	GlobalSection(SolutionProperties) = preSolution
		HideSolutionNode = FALSE
	EndGlobalSection
	GlobalSection(ExtensibilityGlobals) = postSolution
		SolutionGuid = {BD2524B3-1009-4D02-B947-F1C305D1F32E}
	EndGlobalSection
EndGlobal
